
Microsoft Visual Studio Solution File, Format Version 12.00
# Visual Studio 15
VisualStudioVersion = 15.0.28307.1259
MinimumVisualStudioVersion = 10.0.40219.1
Project("{FAE04EC0-301F-11D3-BF4B-00C04F79EFBC}") = "BUDuGET", "BUDuGET\BUDuGET.csproj", "{320FC7A6-7749-4705-9880-61B953BC556C}"
EndProject
Global
	GlobalSection(SolutionConfigurationPlatforms) = preSolution
		Debug|Any CPU = Debug|Any CPU
		Release|Any CPU = Release|Any CPU
	EndGlobalSection
	GlobalSection(ProjectConfigurationPlatforms) = postSolution
		{320FC7A6-7749-4705-9880-61B953BC556C}.Debug|Any CPU.ActiveCfg = Debug|Any CPU
		{320FC7A6-7749-4705-9880-61B953BC556C}.Debug|Any CPU.Build.0 = Debug|Any CPU
		{320FC7A6-7749-4705-9880-61B953BC556C}.Release|Any CPU.ActiveCfg = Release|Any CPU
		{320FC7A6-7749-4705-9880-61B953BC556C}.Release|Any CPU.Build.0 = Release|Any CPU
	EndGlobalSection
	GlobalSection(SolutionProperties) = preSolution
		HideSolutionNode = FALSE
	EndGlobalSection
	GlobalSection(ExtensibilityGlobals) = postSolution
		SolutionGuid = {C6C05004-279A-48DB-BA46-CE4C528564C4}
	EndGlobalSection
EndGlobal
